
Microsoft Visual Studio Solution File, Format Version 12.00
# Visual Studio Version 17
VisualStudioVersion = 17.11.35312.102
MinimumVisualStudioVersion = 10.0.40219.1
Project("{FAE04EC0-301F-11D3-BF4B-00C04F79EFBC}") = "Functions", "Functions\Functions.csproj", "{F40CC6C6-64A6-4759-AF53-BE884A8A3F4A}"
EndProject
Project("{FAE04EC0-301F-11D3-BF4B-00C04F79EFBC}") = "ArgumentsAndParameters", "ArgumentsAndParameters\ArgumentsAndParameters.csproj", "{09810B6C-1B14-4F35-9535-39C5706A48CD}"
EndProject
Project("{FAE04EC0-301F-11D3-BF4B-00C04F79EFBC}") = "Calculator", "Calculator\Calculator.csproj", "{5AFE7DB0-350E-4245-9464-83F74B07F722}"
EndProject
Project("{FAE04EC0-301F-11D3-BF4B-00C04F79EFBC}") = "DiscountCalculator", "DiscountCalculator\DiscountCalculator.csproj", "{B1ABA915-D7CC-4AD1-885F-068A9B522FD0}"
EndProject
Global
	GlobalSection(SolutionConfigurationPlatforms) = preSolution
		Debug|Any CPU = Debug|Any CPU
		Release|Any CPU = Release|Any CPU
	EndGlobalSection
	GlobalSection(ProjectConfigurationPlatforms) = postSolution
		{F40CC6C6-64A6-4759-AF53-BE884A8A3F4A}.Debug|Any CPU.ActiveCfg = Debug|Any CPU
		{F40CC6C6-64A6-4759-AF53-BE884A8A3F4A}.Debug|Any CPU.Build.0 = Debug|Any CPU
		{F40CC6C6-64A6-4759-AF53-BE884A8A3F4A}.Release|Any CPU.ActiveCfg = Release|Any CPU
		{F40CC6C6-64A6-4759-AF53-BE884A8A3F4A}.Release|Any CPU.Build.0 = Release|Any CPU
		{09810B6C-1B14-4F35-9535-39C5706A48CD}.Debug|Any CPU.ActiveCfg = Debug|Any CPU
		{09810B6C-1B14-4F35-9535-39C5706A48CD}.Debug|Any CPU.Build.0 = Debug|Any CPU
		{09810B6C-1B14-4F35-9535-39C5706A48CD}.Release|Any CPU.ActiveCfg = Release|Any CPU
		{09810B6C-1B14-4F35-9535-39C5706A48CD}.Release|Any CPU.Build.0 = Release|Any CPU
		{5AFE7DB0-350E-4245-9464-83F74B07F722}.Debug|Any CPU.ActiveCfg = Debug|Any CPU
		{5AFE7DB0-350E-4245-9464-83F74B07F722}.Debug|Any CPU.Build.0 = Debug|Any CPU
		{5AFE7DB0-350E-4245-9464-83F74B07F722}.Release|Any CPU.ActiveCfg = Release|Any CPU
		{5AFE7DB0-350E-4245-9464-83F74B07F722}.Release|Any CPU.Build.0 = Release|Any CPU
		{B1ABA915-D7CC-4AD1-885F-068A9B522FD0}.Debug|Any CPU.ActiveCfg = Debug|Any CPU
		{B1ABA915-D7CC-4AD1-885F-068A9B522FD0}.Debug|Any CPU.Build.0 = Debug|Any CPU
		{B1ABA915-D7CC-4AD1-885F-068A9B522FD0}.Release|Any CPU.ActiveCfg = Release|Any CPU
		{B1ABA915-D7CC-4AD1-885F-068A9B522FD0}.Release|Any CPU.Build.0 = Release|Any CPU
	EndGlobalSection
	GlobalSection(SolutionProperties) = preSolution
		HideSolutionNode = FALSE
	EndGlobalSection
	GlobalSection(ExtensibilityGlobals) = postSolution
		SolutionGuid = {F7B67D5F-D528-4D7F-8C8B-4A92EB0742F7}
	EndGlobalSection
EndGlobal
